
Microsoft Visual Studio Solution File, Format Version 12.00
# Visual Studio Version 17
VisualStudioVersion = 17.14.36511.14
MinimumVisualStudioVersion = 10.0.40219.1
Project("{2150E333-8FDC-42A3-9474-1A3956D46DE8}") = "Task0", "Task0", "{02EA681E-C7D8-13C7-8484-4AC65E1B71E8}"
EndProject
Project("{FAE04EC0-301F-11D3-BF4B-00C04F79EFBC}") = "Tyuiu.RomanovichEN.Sprint2.Task0.V29", "Tyuiu.RomanovichEN.Sprint2.Task0.V29\Tyuiu.RomanovichEN.Sprint2.Task0.V29.csproj", "{F7ADD839-886D-4C64-9808-DC87CE8AF7C3}"
EndProject
Project("{FAE04EC0-301F-11D3-BF4B-00C04F79EFBC}") = "Tyuiu.RomanovichEN.Sprint2.Task0.V29.Lib", "Tyuiu.RomanovichEN.Sprint2.Task0.V29.Lib\Tyuiu.RomanovichEN.Sprint2.Task0.V29.Lib.csproj", "{A7122C16-81A0-4B34-9E26-19206EED974E}"
EndProject
Project("{FAE04EC0-301F-11D3-BF4B-00C04F79EFBC}") = "Tyuiu.RomanovichEN.Sprint2.Task0.V29.Test", "Tyuiu.RomanovichEN.Sprint2.Task0.V29.Test\Tyuiu.RomanovichEN.Sprint2.Task0.V29.Test.csproj", "{017A3A96-CE4C-4E90-902E-9EBA42981AB8}"
EndProject
Project("{2150E333-8FDC-42A3-9474-1A3956D46DE8}") = "Task1", "Task1", "{BECB3E40-B36F-4D17-924F-3A3E2FFDECB7}"
EndProject
Project("{FAE04EC0-301F-11D3-BF4B-00C04F79EFBC}") = "Tyuiu.RomanovichEN.Sprint2.Task1.V25", "Tyuiu.RomanovichEN.Sprint2.Task1.V25\Tyuiu.RomanovichEN.Sprint2.Task1.V25.csproj", "{42E27D72-F069-4261-9885-E8937C286233}"
EndProject
Project("{FAE04EC0-301F-11D3-BF4B-00C04F79EFBC}") = "Tyuiu.RomanovichEN.Sprint2.Task1.V25.Lib", "Tyuiu.RomanovichEN.Sprint2.Task1.V25.Lib\Tyuiu.RomanovichEN.Sprint2.Task1.V25.Lib.csproj", "{BB170C13-E50E-4A53-8903-3D1DF77071FF}"
EndProject
Project("{FAE04EC0-301F-11D3-BF4B-00C04F79EFBC}") = "Tyuiu.RomanovichEN.Sprint2.Task1.V25.Test", "Tyuiu.RomanovichEN.Sprint2.Task1.V25.Test\Tyuiu.RomanovichEN.Sprint2.Task1.V25.Test.csproj", "{66635833-8D80-4094-BD80-5CA03729B812}"
EndProject
Project("{2150E333-8FDC-42A3-9474-1A3956D46DE8}") = "Task2", "Task2", "{19E4F59F-46C2-4FED-8A9E-050E581F6996}"
EndProject
Project("{FAE04EC0-301F-11D3-BF4B-00C04F79EFBC}") = "Tyuiu.RomanovichEN.Sprint2.Task2.V29", "Tyuiu.RomanovichEN.Sprint2.Task2.V29\Tyuiu.RomanovichEN.Sprint2.Task2.V29.csproj", "{F0EAC6F9-DAC6-4A0A-8E29-31CDB02B9347}"
EndProject
Project("{FAE04EC0-301F-11D3-BF4B-00C04F79EFBC}") = "Tyuiu.RomanovichEN.Sprint2.Task2.V29.Lib", "Tyuiu.RomanovichEN.Sprint2.Task2.V29.Lib\Tyuiu.RomanovichEN.Sprint2.Task2.V29.Lib.csproj", "{1EBA0238-49D1-4CF4-B01A-8675710CB4B3}"
EndProject
Project("{FAE04EC0-301F-11D3-BF4B-00C04F79EFBC}") = "Tyuiu.RomanovichEN.Sprint2.Task2.V29.Test", "Tyuiu.RomanovichEN.Sprint2.Task2.V29.Test\Tyuiu.RomanovichEN.Sprint2.Task2.V29.Test.csproj", "{A1320A82-6937-43B5-A531-073D3571BAA4}"
EndProject
Global
	GlobalSection(SolutionConfigurationPlatforms) = preSolution
		Debug|Any CPU = Debug|Any CPU
		Release|Any CPU = Release|Any CPU
	EndGlobalSection
	GlobalSection(ProjectConfigurationPlatforms) = postSolution
		{F7ADD839-886D-4C64-9808-DC87CE8AF7C3}.Debug|Any CPU.ActiveCfg = Debug|Any CPU
		{F7ADD839-886D-4C64-9808-DC87CE8AF7C3}.Debug|Any CPU.Build.0 = Debug|Any CPU
		{F7ADD839-886D-4C64-9808-DC87CE8AF7C3}.Release|Any CPU.ActiveCfg = Release|Any CPU
		{F7ADD839-886D-4C64-9808-DC87CE8AF7C3}.Release|Any CPU.Build.0 = Release|Any CPU
		{A7122C16-81A0-4B34-9E26-19206EED974E}.Debug|Any CPU.ActiveCfg = Debug|Any CPU
		{A7122C16-81A0-4B34-9E26-19206EED974E}.Debug|Any CPU.Build.0 = Debug|Any CPU
		{A7122C16-81A0-4B34-9E26-19206EED974E}.Release|Any CPU.ActiveCfg = Release|Any CPU
		{A7122C16-81A0-4B34-9E26-19206EED974E}.Release|Any CPU.Build.0 = Release|Any CPU
		{017A3A96-CE4C-4E90-902E-9EBA42981AB8}.Debug|Any CPU.ActiveCfg = Debug|Any CPU
		{017A3A96-CE4C-4E90-902E-9EBA42981AB8}.Debug|Any CPU.Build.0 = Debug|Any CPU
		{017A3A96-CE4C-4E90-902E-9EBA42981AB8}.Release|Any CPU.ActiveCfg = Release|Any CPU
		{017A3A96-CE4C-4E90-902E-9EBA42981AB8}.Release|Any CPU.Build.0 = Release|Any CPU
		{42E27D72-F069-4261-9885-E8937C286233}.Debug|Any CPU.ActiveCfg = Debug|Any CPU
		{42E27D72-F069-4261-9885-E8937C286233}.Debug|Any CPU.Build.0 = Debug|Any CPU
		{42E27D72-F069-4261-9885-E8937C286233}.Release|Any CPU.ActiveCfg = Release|Any CPU
		{42E27D72-F069-4261-9885-E8937C286233}.Release|Any CPU.Build.0 = Release|Any CPU
		{BB170C13-E50E-4A53-8903-3D1DF77071FF}.Debug|Any CPU.ActiveCfg = Debug|Any CPU
		{BB170C13-E50E-4A53-8903-3D1DF77071FF}.Debug|Any CPU.Build.0 = Debug|Any CPU
		{BB170C13-E50E-4A53-8903-3D1DF77071FF}.Release|Any CPU.ActiveCfg = Release|Any CPU
		{BB170C13-E50E-4A53-8903-3D1DF77071FF}.Release|Any CPU.Build.0 = Release|Any CPU
		{66635833-8D80-4094-BD80-5CA03729B812}.Debug|Any CPU.ActiveCfg = Debug|Any CPU
		{66635833-8D80-4094-BD80-5CA03729B812}.Debug|Any CPU.Build.0 = Debug|Any CPU
		{66635833-8D80-4094-BD80-5CA03729B812}.Release|Any CPU.ActiveCfg = Release|Any CPU
		{66635833-8D80-4094-BD80-5CA03729B812}.Release|Any CPU.Build.0 = Release|Any CPU
		{F0EAC6F9-DAC6-4A0A-8E29-31CDB02B9347}.Debug|Any CPU.ActiveCfg = Debug|Any CPU
		{F0EAC6F9-DAC6-4A0A-8E29-31CDB02B9347}.Debug|Any CPU.Build.0 = Debug|Any CPU
		{F0EAC6F9-DAC6-4A0A-8E29-31CDB02B9347}.Release|Any CPU.ActiveCfg = Release|Any CPU
		{F0EAC6F9-DAC6-4A0A-8E29-31CDB02B9347}.Release|Any CPU.Build.0 = Release|Any CPU
		{1EBA0238-49D1-4CF4-B01A-8675710CB4B3}.Debug|Any CPU.ActiveCfg = Debug|Any CPU
		{1EBA0238-49D1-4CF4-B01A-8675710CB4B3}.Debug|Any CPU.Build.0 = Debug|Any CPU
		{1EBA0238-49D1-4CF4-B01A-8675710CB4B3}.Release|Any CPU.ActiveCfg = Release|Any CPU
		{1EBA0238-49D1-4CF4-B01A-8675710CB4B3}.Release|Any CPU.Build.0 = Release|Any CPU
		{A1320A82-6937-43B5-A531-073D3571BAA4}.Debug|Any CPU.ActiveCfg = Debug|Any CPU
		{A1320A82-6937-43B5-A531-073D3571BAA4}.Debug|Any CPU.Build.0 = Debug|Any CPU
		{A1320A82-6937-43B5-A531-073D3571BAA4}.Release|Any CPU.ActiveCfg = Release|Any CPU
		{A1320A82-6937-43B5-A531-073D3571BAA4}.Release|Any CPU.Build.0 = Release|Any CPU
	EndGlobalSection
	GlobalSection(SolutionProperties) = preSolution
		HideSolutionNode = FALSE
	EndGlobalSection
	GlobalSection(NestedProjects) = preSolution
		{F7ADD839-886D-4C64-9808-DC87CE8AF7C3} = {02EA681E-C7D8-13C7-8484-4AC65E1B71E8}
		{A7122C16-81A0-4B34-9E26-19206EED974E} = {02EA681E-C7D8-13C7-8484-4AC65E1B71E8}
		{017A3A96-CE4C-4E90-902E-9EBA42981AB8} = {02EA681E-C7D8-13C7-8484-4AC65E1B71E8}
		{42E27D72-F069-4261-9885-E8937C286233} = {BECB3E40-B36F-4D17-924F-3A3E2FFDECB7}
		{BB170C13-E50E-4A53-8903-3D1DF77071FF} = {BECB3E40-B36F-4D17-924F-3A3E2FFDECB7}
		{66635833-8D80-4094-BD80-5CA03729B812} = {BECB3E40-B36F-4D17-924F-3A3E2FFDECB7}
		{F0EAC6F9-DAC6-4A0A-8E29-31CDB02B9347} = {19E4F59F-46C2-4FED-8A9E-050E581F6996}
		{1EBA0238-49D1-4CF4-B01A-8675710CB4B3} = {19E4F59F-46C2-4FED-8A9E-050E581F6996}
		{A1320A82-6937-43B5-A531-073D3571BAA4} = {19E4F59F-46C2-4FED-8A9E-050E581F6996}
	EndGlobalSection
	GlobalSection(ExtensibilityGlobals) = postSolution
		SolutionGuid = {BCD3B632-235C-47E3-855C-3091C0856696}
	EndGlobalSection
EndGlobal
